// !$*UTF8*$!
{
	archiveVersion = 1;
	classes = {
	};
	objectVersion = 50;
	objects = {

/* Begin PBXBuildFile section */
		0CEDE2212165E70E000E11F4 /* AppDelegate.swift in Sources */ = {isa = PBXBuildFile; fileRef = 0CEDE2202165E70E000E11F4 /* AppDelegate.swift */; };
		0CEDE2282165E70F000E11F4 /* Assets.xcassets in Resources */ = {isa = PBXBuildFile; fileRef = 0CEDE2272165E70F000E11F4 /* Assets.xcassets */; };
		0CEDE22B2165E70F000E11F4 /* LaunchScreen.storyboard in Resources */ = {isa = PBXBuildFile; fileRef = 0CEDE2292165E70F000E11F4 /* LaunchScreen.storyboard */; };
		0CEDE2362165E70F000E11F4 /* ViperWeatherTests.swift in Sources */ = {isa = PBXBuildFile; fileRef = 0CEDE2352165E70F000E11F4 /* ViperWeatherTests.swift */; };
		0CEDE2412165E70F000E11F4 /* ViperWeatherUITests.swift in Sources */ = {isa = PBXBuildFile; fileRef = 0CEDE2402165E70F000E11F4 /* ViperWeatherUITests.swift */; };
		0CEDE2562165E97A000E11F4 /* LoginPresenter.swift in Sources */ = {isa = PBXBuildFile; fileRef = 0CEDE2502165E97A000E11F4 /* LoginPresenter.swift */; };
		0CEDE2572165E97A000E11F4 /* LoginRouter.swift in Sources */ = {isa = PBXBuildFile; fileRef = 0CEDE2512165E97A000E11F4 /* LoginRouter.swift */; };
		0CEDE2582165E97A000E11F4 /* LoginViewController.swift in Sources */ = {isa = PBXBuildFile; fileRef = 0CEDE2522165E97A000E11F4 /* LoginViewController.swift */; };
		0CEDE2592165E97A000E11F4 /* LoginProtocols.swift in Sources */ = {isa = PBXBuildFile; fileRef = 0CEDE2532165E97A000E11F4 /* LoginProtocols.swift */; };
		0CEDE25A2165E97A000E11F4 /* LoginInteractor.swift in Sources */ = {isa = PBXBuildFile; fileRef = 0CEDE2542165E97A000E11F4 /* LoginInteractor.swift */; };
		0CEDE25B2165E97A000E11F4 /* LoginEntities.swift in Sources */ = {isa = PBXBuildFile; fileRef = 0CEDE2552165E97A000E11F4 /* LoginEntities.swift */; };
		0CEDE25D2165FDD2000E11F4 /* LoginViewController.xib in Resources */ = {isa = PBXBuildFile; fileRef = 0CEDE25C2165FDD2000E11F4 /* LoginViewController.xib */; };
		0CEDE26521660126000E11F4 /* HomePresenter.swift in Sources */ = {isa = PBXBuildFile; fileRef = 0CEDE25F21660126000E11F4 /* HomePresenter.swift */; };
		0CEDE26621660126000E11F4 /* HomeRouter.swift in Sources */ = {isa = PBXBuildFile; fileRef = 0CEDE26021660126000E11F4 /* HomeRouter.swift */; };
		0CEDE26721660126000E11F4 /* HomeViewController.swift in Sources */ = {isa = PBXBuildFile; fileRef = 0CEDE26121660126000E11F4 /* HomeViewController.swift */; };
		0CEDE26821660126000E11F4 /* HomeProtocols.swift in Sources */ = {isa = PBXBuildFile; fileRef = 0CEDE26221660126000E11F4 /* HomeProtocols.swift */; };
		0CEDE26921660126000E11F4 /* HomeInteractor.swift in Sources */ = {isa = PBXBuildFile; fileRef = 0CEDE26321660126000E11F4 /* HomeInteractor.swift */; };
		0CEDE26A21660126000E11F4 /* HomeEntities.swift in Sources */ = {isa = PBXBuildFile; fileRef = 0CEDE26421660126000E11F4 /* HomeEntities.swift */; };
		0CEDE26C2166013F000E11F4 /* HomeViewController.xib in Resources */ = {isa = PBXBuildFile; fileRef = 0CEDE26B2166013F000E11F4 /* HomeViewController.xib */; };
		191C4E79054C4AA50C255E6B /* Pods_ViperWeatherUITests.framework in Frameworks */ = {isa = PBXBuildFile; fileRef = 5068105E9E2158FD20CBDC57 /* Pods_ViperWeatherUITests.framework */; };
		4D963CF5B6823F437CED7243 /* Pods_ViperWeatherTests.framework in Frameworks */ = {isa = PBXBuildFile; fileRef = 022F7D33769E650855FBC185 /* Pods_ViperWeatherTests.framework */; };
		AE725C20050A56E775F6975C /* Pods_ViperWeather.framework in Frameworks */ = {isa = PBXBuildFile; fileRef = 6850240D48B15E27EF4BAA2A /* Pods_ViperWeather.framework */; };
/* End PBXBuildFile section */

/* Begin PBXContainerItemProxy section */
		0CEDE2322165E70F000E11F4 /* PBXContainerItemProxy */ = {
			isa = PBXContainerItemProxy;
			containerPortal = 0CEDE2152165E70E000E11F4 /* Project object */;
			proxyType = 1;
			remoteGlobalIDString = 0CEDE21C2165E70E000E11F4;
			remoteInfo = ViperWeather;
		};
		0CEDE23D2165E70F000E11F4 /* PBXContainerItemProxy */ = {
			isa = PBXContainerItemProxy;
			containerPortal = 0CEDE2152165E70E000E11F4 /* Project object */;
			proxyType = 1;
			remoteGlobalIDString = 0CEDE21C2165E70E000E11F4;
			remoteInfo = ViperWeather;
		};
/* End PBXContainerItemProxy section */

/* Begin PBXFileReference section */
		022F7D33769E650855FBC185 /* Pods_ViperWeatherTests.framework */ = {isa = PBXFileReference; explicitFileType = wrapper.framework; includeInIndex = 0; path = Pods_ViperWeatherTests.framework; sourceTree = BUILT_PRODUCTS_DIR; };
		0CEDE21D2165E70E000E11F4 /* ViperWeather.app */ = {isa = PBXFileReference; explicitFileType = wrapper.application; includeInIndex = 0; path = ViperWeather.app; sourceTree = BUILT_PRODUCTS_DIR; };
		0CEDE2202165E70E000E11F4 /* AppDelegate.swift */ = {isa = PBXFileReference; lastKnownFileType = sourcecode.swift; path = AppDelegate.swift; sourceTree = "<group>"; };
		0CEDE2272165E70F000E11F4 /* Assets.xcassets */ = {isa = PBXFileReference; lastKnownFileType = folder.assetcatalog; path = Assets.xcassets; sourceTree = "<group>"; };
		0CEDE22A2165E70F000E11F4 /* Base */ = {isa = PBXFileReference; lastKnownFileType = file.storyboard; name = Base; path = Base.lproj/LaunchScreen.storyboard; sourceTree = "<group>"; };
		0CEDE22C2165E70F000E11F4 /* Info.plist */ = {isa = PBXFileReference; lastKnownFileType = text.plist.xml; path = Info.plist; sourceTree = "<group>"; };
		0CEDE2312165E70F000E11F4 /* ViperWeatherTests.xctest */ = {isa = PBXFileReference; explicitFileType = wrapper.cfbundle; includeInIndex = 0; path = ViperWeatherTests.xctest; sourceTree = BUILT_PRODUCTS_DIR; };
		0CEDE2352165E70F000E11F4 /* ViperWeatherTests.swift */ = {isa = PBXFileReference; lastKnownFileType = sourcecode.swift; path = ViperWeatherTests.swift; sourceTree = "<group>"; };
		0CEDE2372165E70F000E11F4 /* Info.plist */ = {isa = PBXFileReference; lastKnownFileType = text.plist.xml; path = Info.plist; sourceTree = "<group>"; };
		0CEDE23C2165E70F000E11F4 /* ViperWeatherUITests.xctest */ = {isa = PBXFileReference; explicitFileType = wrapper.cfbundle; includeInIndex = 0; path = ViperWeatherUITests.xctest; sourceTree = BUILT_PRODUCTS_DIR; };
		0CEDE2402165E70F000E11F4 /* ViperWeatherUITests.swift */ = {isa = PBXFileReference; lastKnownFileType = sourcecode.swift; path = ViperWeatherUITests.swift; sourceTree = "<group>"; };
		0CEDE2422165E70F000E11F4 /* Info.plist */ = {isa = PBXFileReference; lastKnownFileType = text.plist.xml; path = Info.plist; sourceTree = "<group>"; };
		0CEDE2502165E97A000E11F4 /* LoginPresenter.swift */ = {isa = PBXFileReference; lastKnownFileType = sourcecode.swift; path = LoginPresenter.swift; sourceTree = "<group>"; };
		0CEDE2512165E97A000E11F4 /* LoginRouter.swift */ = {isa = PBXFileReference; lastKnownFileType = sourcecode.swift; path = LoginRouter.swift; sourceTree = "<group>"; };
		0CEDE2522165E97A000E11F4 /* LoginViewController.swift */ = {isa = PBXFileReference; lastKnownFileType = sourcecode.swift; path = LoginViewController.swift; sourceTree = "<group>"; };
		0CEDE2532165E97A000E11F4 /* LoginProtocols.swift */ = {isa = PBXFileReference; lastKnownFileType = sourcecode.swift; path = LoginProtocols.swift; sourceTree = "<group>"; };
		0CEDE2542165E97A000E11F4 /* LoginInteractor.swift */ = {isa = PBXFileReference; lastKnownFileType = sourcecode.swift; path = LoginInteractor.swift; sourceTree = "<group>"; };
		0CEDE2552165E97A000E11F4 /* LoginEntities.swift */ = {isa = PBXFileReference; lastKnownFileType = sourcecode.swift; path = LoginEntities.swift; sourceTree = "<group>"; };
		0CEDE25C2165FDD2000E11F4 /* LoginViewController.xib */ = {isa = PBXFileReference; lastKnownFileType = file.xib; path = LoginViewController.xib; sourceTree = "<group>"; };
		0CEDE25F21660126000E11F4 /* HomePresenter.swift */ = {isa = PBXFileReference; lastKnownFileType = sourcecode.swift; path = HomePresenter.swift; sourceTree = "<group>"; };
		0CEDE26021660126000E11F4 /* HomeRouter.swift */ = {isa = PBXFileReference; lastKnownFileType = sourcecode.swift; path = HomeRouter.swift; sourceTree = "<group>"; };
		0CEDE26121660126000E11F4 /* HomeViewController.swift */ = {isa = PBXFileReference; lastKnownFileType = sourcecode.swift; path = HomeViewController.swift; sourceTree = "<group>"; };
		0CEDE26221660126000E11F4 /* HomeProtocols.swift */ = {isa = PBXFileReference; lastKnownFileType = sourcecode.swift; path = HomeProtocols.swift; sourceTree = "<group>"; };
		0CEDE26321660126000E11F4 /* HomeInteractor.swift */ = {isa = PBXFileReference; lastKnownFileType = sourcecode.swift; path = HomeInteractor.swift; sourceTree = "<group>"; };
		0CEDE26421660126000E11F4 /* HomeEntities.swift */ = {isa = PBXFileReference; lastKnownFileType = sourcecode.swift; path = HomeEntities.swift; sourceTree = "<group>"; };
		0CEDE26B2166013F000E11F4 /* HomeViewController.xib */ = {isa = PBXFileReference; lastKnownFileType = file.xib; path = HomeViewController.xib; sourceTree = "<group>"; };
		29C17B4F03697A440A94F40E /* Pods-ViperWeatherTests.release.xcconfig */ = {isa = PBXFileReference; includeInIndex = 1; lastKnownFileType = text.xcconfig; name = "Pods-ViperWeatherTests.release.xcconfig"; path = "Pods/Target Support Files/Pods-ViperWeatherTests/Pods-ViperWeatherTests.release.xcconfig"; sourceTree = "<group>"; };
		4BB1BCF88D0D1CC815ABA750 /* Pods-ViperWeather.debug.xcconfig */ = {isa = PBXFileReference; includeInIndex = 1; lastKnownFileType = text.xcconfig; name = "Pods-ViperWeather.debug.xcconfig"; path = "Pods/Target Support Files/Pods-ViperWeather/Pods-ViperWeather.debug.xcconfig"; sourceTree = "<group>"; };
		5068105E9E2158FD20CBDC57 /* Pods_ViperWeatherUITests.framework */ = {isa = PBXFileReference; explicitFileType = wrapper.framework; includeInIndex = 0; path = Pods_ViperWeatherUITests.framework; sourceTree = BUILT_PRODUCTS_DIR; };
		6850240D48B15E27EF4BAA2A /* Pods_ViperWeather.framework */ = {isa = PBXFileReference; explicitFileType = wrapper.framework; includeInIndex = 0; path = Pods_ViperWeather.framework; sourceTree = BUILT_PRODUCTS_DIR; };
		D7F3396BEACA9C756F70F0FA /* Pods-ViperWeatherTests.debug.xcconfig */ = {isa = PBXFileReference; includeInIndex = 1; lastKnownFileType = text.xcconfig; name = "Pods-ViperWeatherTests.debug.xcconfig"; path = "Pods/Target Support Files/Pods-ViperWeatherTests/Pods-ViperWeatherTests.debug.xcconfig"; sourceTree = "<group>"; };
		E04103D1782F85D31E614235 /* Pods-ViperWeatherUITests.debug.xcconfig */ = {isa = PBXFileReference; includeInIndex = 1; lastKnownFileType = text.xcconfig; name = "Pods-ViperWeatherUITests.debug.xcconfig"; path = "Pods/Target Support Files/Pods-ViperWeatherUITests/Pods-ViperWeatherUITests.debug.xcconfig"; sourceTree = "<group>"; };
		FEE12B2EA7DEBF94796E39E8 /* Pods-ViperWeather.release.xcconfig */ = {isa = PBXFileReference; includeInIndex = 1; lastKnownFileType = text.xcconfig; name = "Pods-ViperWeather.release.xcconfig"; path = "Pods/Target Support Files/Pods-ViperWeather/Pods-ViperWeather.release.xcconfig"; sourceTree = "<group>"; };
		FF4777B4B9A29B61933C70B0 /* Pods-ViperWeatherUITests.release.xcconfig */ = {isa = PBXFileReference; includeInIndex = 1; lastKnownFileType = text.xcconfig; name = "Pods-ViperWeatherUITests.release.xcconfig"; path = "Pods/Target Support Files/Pods-ViperWeatherUITests/Pods-ViperWeatherUITests.release.xcconfig"; sourceTree = "<group>"; };
/* End PBXFileReference section */

/* Begin PBXFrameworksBuildPhase section */
		0CEDE21A2165E70E000E11F4 /* Frameworks */ = {
			isa = PBXFrameworksBuildPhase;
			buildActionMask = 2147483647;
			files = (
				AE725C20050A56E775F6975C /* Pods_ViperWeather.framework in Frameworks */,
			);
			runOnlyForDeploymentPostprocessing = 0;
		};
		0CEDE22E2165E70F000E11F4 /* Frameworks */ = {
			isa = PBXFrameworksBuildPhase;
			buildActionMask = 2147483647;
			files = (
				4D963CF5B6823F437CED7243 /* Pods_ViperWeatherTests.framework in Frameworks */,
			);
			runOnlyForDeploymentPostprocessing = 0;
		};
		0CEDE2392165E70F000E11F4 /* Frameworks */ = {
			isa = PBXFrameworksBuildPhase;
			buildActionMask = 2147483647;
			files = (
				191C4E79054C4AA50C255E6B /* Pods_ViperWeatherUITests.framework in Frameworks */,
			);
			runOnlyForDeploymentPostprocessing = 0;
		};
/* End PBXFrameworksBuildPhase section */

/* Begin PBXGroup section */
		0CEDE2142165E70E000E11F4 = {
			isa = PBXGroup;
			children = (
				0CEDE21F2165E70E000E11F4 /* ViperWeather */,
				0CEDE2342165E70F000E11F4 /* ViperWeatherTests */,
				0CEDE23F2165E70F000E11F4 /* ViperWeatherUITests */,
				0CEDE21E2165E70E000E11F4 /* Products */,
				9DD3C9EF02A97F30F27A1C72 /* Pods */,
				A66AC376510129FD22371E04 /* Frameworks */,
			);
			sourceTree = "<group>";
		};
		0CEDE21E2165E70E000E11F4 /* Products */ = {
			isa = PBXGroup;
			children = (
				0CEDE21D2165E70E000E11F4 /* ViperWeather.app */,
				0CEDE2312165E70F000E11F4 /* ViperWeatherTests.xctest */,
				0CEDE23C2165E70F000E11F4 /* ViperWeatherUITests.xctest */,
			);
			name = Products;
			sourceTree = "<group>";
		};
		0CEDE21F2165E70E000E11F4 /* ViperWeather */ = {
			isa = PBXGroup;
			children = (
				0CEDE26E216664F6000E11F4 /* Common */,
				0CEDE24E2165E768000E11F4 /* Modules */,
				0CEDE2202165E70E000E11F4 /* AppDelegate.swift */,
				0CEDE2272165E70F000E11F4 /* Assets.xcassets */,
				0CEDE2292165E70F000E11F4 /* LaunchScreen.storyboard */,
				0CEDE22C2165E70F000E11F4 /* Info.plist */,
			);
			path = ViperWeather;
			sourceTree = "<group>";
		};
		0CEDE2342165E70F000E11F4 /* ViperWeatherTests */ = {
			isa = PBXGroup;
			children = (
				0CEDE2352165E70F000E11F4 /* ViperWeatherTests.swift */,
				0CEDE2372165E70F000E11F4 /* Info.plist */,
			);
			path = ViperWeatherTests;
			sourceTree = "<group>";
		};
		0CEDE23F2165E70F000E11F4 /* ViperWeatherUITests */ = {
			isa = PBXGroup;
			children = (
				0CEDE2402165E70F000E11F4 /* ViperWeatherUITests.swift */,
				0CEDE2422165E70F000E11F4 /* Info.plist */,
			);
			path = ViperWeatherUITests;
			sourceTree = "<group>";
		};
		0CEDE24E2165E768000E11F4 /* Modules */ = {
			isa = PBXGroup;
			children = (
				0CEDE24F2165E966000E11F4 /* Login */,
				0CEDE25E21660107000E11F4 /* Home */,
			);
			path = Modules;
			sourceTree = "<group>";
		};
		0CEDE24F2165E966000E11F4 /* Login */ = {
			isa = PBXGroup;
			children = (
				0CEDE2502165E97A000E11F4 /* LoginPresenter.swift */,
				0CEDE2512165E97A000E11F4 /* LoginRouter.swift */,
				0CEDE2522165E97A000E11F4 /* LoginViewController.swift */,
				0CEDE2532165E97A000E11F4 /* LoginProtocols.swift */,
				0CEDE2542165E97A000E11F4 /* LoginInteractor.swift */,
				0CEDE2552165E97A000E11F4 /* LoginEntities.swift */,
				0CEDE25C2165FDD2000E11F4 /* LoginViewController.xib */,
			);
			path = Login;
			sourceTree = "<group>";
		};
		0CEDE25E21660107000E11F4 /* Home */ = {
			isa = PBXGroup;
			children = (
				0CEDE25F21660126000E11F4 /* HomePresenter.swift */,
				0CEDE26021660126000E11F4 /* HomeRouter.swift */,
				0CEDE26121660126000E11F4 /* HomeViewController.swift */,
				0CEDE26221660126000E11F4 /* HomeProtocols.swift */,
				0CEDE26321660126000E11F4 /* HomeInteractor.swift */,
				0CEDE26421660126000E11F4 /* HomeEntities.swift */,
				0CEDE26B2166013F000E11F4 /* HomeViewController.xib */,
			);
			path = Home;
			sourceTree = "<group>";
		};
		0CEDE26E216664F6000E11F4 /* Common */ = {
			isa = PBXGroup;
			children = (
				0CEDE27021666525000E11F4 /* Municipaly */,
				0CEDE26F21666505000E11F4 /* Login */,
			);
			path = Common;
			sourceTree = "<group>";
		};
		0CEDE26F21666505000E11F4 /* Login */ = {
			isa = PBXGroup;
			children = (
			);
			path = Login;
			sourceTree = "<group>";
		};
		0CEDE27021666525000E11F4 /* Municipaly */ = {
			isa = PBXGroup;
			children = (
			);
			path = Municipaly;
			sourceTree = "<group>";
		};
		9DD3C9EF02A97F30F27A1C72 /* Pods */ = {
			isa = PBXGroup;
			children = (
				4BB1BCF88D0D1CC815ABA750 /* Pods-ViperWeather.debug.xcconfig */,
				FEE12B2EA7DEBF94796E39E8 /* Pods-ViperWeather.release.xcconfig */,
				D7F3396BEACA9C756F70F0FA /* Pods-ViperWeatherTests.debug.xcconfig */,
				29C17B4F03697A440A94F40E /* Pods-ViperWeatherTests.release.xcconfig */,
				E04103D1782F85D31E614235 /* Pods-ViperWeatherUITests.debug.xcconfig */,
				FF4777B4B9A29B61933C70B0 /* Pods-ViperWeatherUITests.release.xcconfig */,
			);
			name = Pods;
			sourceTree = "<group>";
		};
		A66AC376510129FD22371E04 /* Frameworks */ = {
			isa = PBXGroup;
			children = (
				6850240D48B15E27EF4BAA2A /* Pods_ViperWeather.framework */,
				022F7D33769E650855FBC185 /* Pods_ViperWeatherTests.framework */,
				5068105E9E2158FD20CBDC57 /* Pods_ViperWeatherUITests.framework */,
			);
			name = Frameworks;
			sourceTree = "<group>";
		};
/* End PBXGroup section */

/* Begin PBXNativeTarget section */
		0CEDE21C2165E70E000E11F4 /* ViperWeather */ = {
			isa = PBXNativeTarget;
			buildConfigurationList = 0CEDE2452165E70F000E11F4 /* Build configuration list for PBXNativeTarget "ViperWeather" */;
			buildPhases = (
				1396419EA45E98444CB55B3F /* [CP] Check Pods Manifest.lock */,
				0CEDE2192165E70E000E11F4 /* Sources */,
				0CEDE21A2165E70E000E11F4 /* Frameworks */,
				0CEDE21B2165E70E000E11F4 /* Resources */,
				E18C8435CCEED0FA7E6B523A /* [CP] Embed Pods Frameworks */,
				5B8AB5884D202B17E182D396 /* [CP] Copy Pods Resources */,
			);
			buildRules = (
			);
			dependencies = (
			);
			name = ViperWeather;
			productName = ViperWeather;
			productReference = 0CEDE21D2165E70E000E11F4 /* ViperWeather.app */;
			productType = "com.apple.product-type.application";
		};
		0CEDE2302165E70F000E11F4 /* ViperWeatherTests */ = {
			isa = PBXNativeTarget;
			buildConfigurationList = 0CEDE2482165E70F000E11F4 /* Build configuration list for PBXNativeTarget "ViperWeatherTests" */;
			buildPhases = (
				5C152564367E5CF23EB1351A /* [CP] Check Pods Manifest.lock */,
				0CEDE22D2165E70F000E11F4 /* Sources */,
				0CEDE22E2165E70F000E11F4 /* Frameworks */,
				0CEDE22F2165E70F000E11F4 /* Resources */,
				A46FACE2C88B5957EE0AC401 /* [CP] Embed Pods Frameworks */,
				5817DD285E40012FA4613FA8 /* [CP] Copy Pods Resources */,
			);
			buildRules = (
			);
			dependencies = (
				0CEDE2332165E70F000E11F4 /* PBXTargetDependency */,
			);
			name = ViperWeatherTests;
			productName = ViperWeatherTests;
			productReference = 0CEDE2312165E70F000E11F4 /* ViperWeatherTests.xctest */;
			productType = "com.apple.product-type.bundle.unit-test";
		};
		0CEDE23B2165E70F000E11F4 /* ViperWeatherUITests */ = {
			isa = PBXNativeTarget;
			buildConfigurationList = 0CEDE24B2165E70F000E11F4 /* Build configuration list for PBXNativeTarget "ViperWeatherUITests" */;
			buildPhases = (
				891D6E046805C13DD95143ED /* [CP] Check Pods Manifest.lock */,
				0CEDE2382165E70F000E11F4 /* Sources */,
				0CEDE2392165E70F000E11F4 /* Frameworks */,
				0CEDE23A2165E70F000E11F4 /* Resources */,
				FE17FEE54619D3B8F3F84C1A /* [CP] Embed Pods Frameworks */,
				777617C48BB7DCAF8B71FF89 /* [CP] Copy Pods Resources */,
			);
			buildRules = (
			);
			dependencies = (
				0CEDE23E2165E70F000E11F4 /* PBXTargetDependency */,
			);
			name = ViperWeatherUITests;
			productName = ViperWeatherUITests;
			productReference = 0CEDE23C2165E70F000E11F4 /* ViperWeatherUITests.xctest */;
			productType = "com.apple.product-type.bundle.ui-testing";
		};
/* End PBXNativeTarget section */

/* Begin PBXProject section */
		0CEDE2152165E70E000E11F4 /* Project object */ = {
			isa = PBXProject;
			attributes = {
				LastSwiftUpdateCheck = 1000;
				LastUpgradeCheck = 1000;
				ORGANIZATIONNAME = "Enric Pou Villanueva";
				TargetAttributes = {
					0CEDE21C2165E70E000E11F4 = {
						CreatedOnToolsVersion = 10.0;
					};
					0CEDE2302165E70F000E11F4 = {
						CreatedOnToolsVersion = 10.0;
						TestTargetID = 0CEDE21C2165E70E000E11F4;
					};
					0CEDE23B2165E70F000E11F4 = {
						CreatedOnToolsVersion = 10.0;
						TestTargetID = 0CEDE21C2165E70E000E11F4;
					};
				};
			};
			buildConfigurationList = 0CEDE2182165E70E000E11F4 /* Build configuration list for PBXProject "ViperWeather" */;
			compatibilityVersion = "Xcode 9.3";
			developmentRegion = en;
			hasScannedForEncodings = 0;
			knownRegions = (
				en,
				Base,
			);
			mainGroup = 0CEDE2142165E70E000E11F4;
			productRefGroup = 0CEDE21E2165E70E000E11F4 /* Products */;
			projectDirPath = "";
			projectRoot = "";
			targets = (
				0CEDE21C2165E70E000E11F4 /* ViperWeather */,
				0CEDE2302165E70F000E11F4 /* ViperWeatherTests */,
				0CEDE23B2165E70F000E11F4 /* ViperWeatherUITests */,
			);
		};
/* End PBXProject section */

/* Begin PBXResourcesBuildPhase section */
		0CEDE21B2165E70E000E11F4 /* Resources */ = {
			isa = PBXResourcesBuildPhase;
			buildActionMask = 2147483647;
			files = (
				0CEDE22B2165E70F000E11F4 /* LaunchScreen.storyboard in Resources */,
				0CEDE2282165E70F000E11F4 /* Assets.xcassets in Resources */,
				0CEDE25D2165FDD2000E11F4 /* LoginViewController.xib in Resources */,
				0CEDE26C2166013F000E11F4 /* HomeViewController.xib in Resources */,
			);
			runOnlyForDeploymentPostprocessing = 0;
		};
		0CEDE22F2165E70F000E11F4 /* Resources */ = {
			isa = PBXResourcesBuildPhase;
			buildActionMask = 2147483647;
			files = (
			);
			runOnlyForDeploymentPostprocessing = 0;
		};
		0CEDE23A2165E70F000E11F4 /* Resources */ = {
			isa = PBXResourcesBuildPhase;
			buildActionMask = 2147483647;
			files = (
			);
			runOnlyForDeploymentPostprocessing = 0;
		};
/* End PBXResourcesBuildPhase section */

/* Begin PBXShellScriptBuildPhase section */
		1396419EA45E98444CB55B3F /* [CP] Check Pods Manifest.lock */ = {
			isa = PBXShellScriptBuildPhase;
			buildActionMask = 2147483647;
			files = (
			);
			inputPaths = (
				"${PODS_PODFILE_DIR_PATH}/Podfile.lock",
				"${PODS_ROOT}/Manifest.lock",
			);
			name = "[CP] Check Pods Manifest.lock";
			outputPaths = (
				"$(DERIVED_FILE_DIR)/Pods-ViperWeather-checkManifestLockResult.txt",
			);
			runOnlyForDeploymentPostprocessing = 0;
			shellPath = /bin/sh;
			shellScript = "diff \"${PODS_PODFILE_DIR_PATH}/Podfile.lock\" \"${PODS_ROOT}/Manifest.lock\" > /dev/null\nif [ $? != 0 ] ; then\n    # print error to STDERR\n    echo \"error: The sandbox is not in sync with the Podfile.lock. Run 'pod install' or update your CocoaPods installation.\" >&2\n    exit 1\nfi\n# This output is used by Xcode 'outputs' to avoid re-running this script phase.\necho \"SUCCESS\" > \"${SCRIPT_OUTPUT_FILE_0}\"\n";
			showEnvVarsInLog = 0;
		};
		5817DD285E40012FA4613FA8 /* [CP] Copy Pods Resources */ = {
			isa = PBXShellScriptBuildPhase;
			buildActionMask = 2147483647;
			files = (
			);
			inputPaths = (
			);
			name = "[CP] Copy Pods Resources";
			outputPaths = (
			);
			runOnlyForDeploymentPostprocessing = 0;
			shellPath = /bin/sh;
			shellScript = "\"${SRCROOT}/Pods/Target Support Files/Pods-ViperWeatherTests/Pods-ViperWeatherTests-resources.sh\"\n";
			showEnvVarsInLog = 0;
		};
		5B8AB5884D202B17E182D396 /* [CP] Copy Pods Resources */ = {
			isa = PBXShellScriptBuildPhase;
			buildActionMask = 2147483647;
			files = (
			);
			inputPaths = (
			);
			name = "[CP] Copy Pods Resources";
			outputPaths = (
			);
			runOnlyForDeploymentPostprocessing = 0;
			shellPath = /bin/sh;
			shellScript = "\"${SRCROOT}/Pods/Target Support Files/Pods-ViperWeather/Pods-ViperWeather-resources.sh\"\n";
			showEnvVarsInLog = 0;
		};
		5C152564367E5CF23EB1351A /* [CP] Check Pods Manifest.lock */ = {
			isa = PBXShellScriptBuildPhase;
			buildActionMask = 2147483647;
			files = (
			);
			inputPaths = (
				"${PODS_PODFILE_DIR_PATH}/Podfile.lock",
				"${PODS_ROOT}/Manifest.lock",
			);
			name = "[CP] Check Pods Manifest.lock";
			outputPaths = (
				"$(DERIVED_FILE_DIR)/Pods-ViperWeatherTests-checkManifestLockResult.txt",
			);
			runOnlyForDeploymentPostprocessing = 0;
			shellPath = /bin/sh;
			shellScript = "diff \"${PODS_PODFILE_DIR_PATH}/Podfile.lock\" \"${PODS_ROOT}/Manifest.lock\" > /dev/null\nif [ $? != 0 ] ; then\n    # print error to STDERR\n    echo \"error: The sandbox is not in sync with the Podfile.lock. Run 'pod install' or update your CocoaPods installation.\" >&2\n    exit 1\nfi\n# This output is used by Xcode 'outputs' to avoid re-running this script phase.\necho \"SUCCESS\" > \"${SCRIPT_OUTPUT_FILE_0}\"\n";
			showEnvVarsInLog = 0;
		};
		777617C48BB7DCAF8B71FF89 /* [CP] Copy Pods Resources */ = {
			isa = PBXShellScriptBuildPhase;
			buildActionMask = 2147483647;
			files = (
			);
			inputPaths = (
			);
			name = "[CP] Copy Pods Resources";
			outputPaths = (
			);
			runOnlyForDeploymentPostprocessing = 0;
			shellPath = /bin/sh;
			shellScript = "\"${SRCROOT}/Pods/Target Support Files/Pods-ViperWeatherUITests/Pods-ViperWeatherUITests-resources.sh\"\n";
			showEnvVarsInLog = 0;
		};
		891D6E046805C13DD95143ED /* [CP] Check Pods Manifest.lock */ = {
			isa = PBXShellScriptBuildPhase;
			buildActionMask = 2147483647;
			files = (
			);
			inputPaths = (
				"${PODS_PODFILE_DIR_PATH}/Podfile.lock",
				"${PODS_ROOT}/Manifest.lock",
			);
			name = "[CP] Check Pods Manifest.lock";
			outputPaths = (
				"$(DERIVED_FILE_DIR)/Pods-ViperWeatherUITests-checkManifestLockResult.txt",
			);
			runOnlyForDeploymentPostprocessing = 0;
			shellPath = /bin/sh;
			shellScript = "diff \"${PODS_PODFILE_DIR_PATH}/Podfile.lock\" \"${PODS_ROOT}/Manifest.lock\" > /dev/null\nif [ $? != 0 ] ; then\n    # print error to STDERR\n    echo \"error: The sandbox is not in sync with the Podfile.lock. Run 'pod install' or update your CocoaPods installation.\" >&2\n    exit 1\nfi\n# This output is used by Xcode 'outputs' to avoid re-running this script phase.\necho \"SUCCESS\" > \"${SCRIPT_OUTPUT_FILE_0}\"\n";
			showEnvVarsInLog = 0;
		};
		A46FACE2C88B5957EE0AC401 /* [CP] Embed Pods Frameworks */ = {
			isa = PBXShellScriptBuildPhase;
			buildActionMask = 2147483647;
			files = (
			);
			inputPaths = (
			);
			name = "[CP] Embed Pods Frameworks";
			outputPaths = (
			);
			runOnlyForDeploymentPostprocessing = 0;
			shellPath = /bin/sh;
			shellScript = "\"${SRCROOT}/Pods/Target Support Files/Pods-ViperWeatherTests/Pods-ViperWeatherTests-frameworks.sh\"\n";
			showEnvVarsInLog = 0;
		};
		E18C8435CCEED0FA7E6B523A /* [CP] Embed Pods Frameworks */ = {
			isa = PBXShellScriptBuildPhase;
			buildActionMask = 2147483647;
			files = (
			);
			inputPaths = (
				"${SRCROOT}/Pods/Target Support Files/Pods-ViperWeather/Pods-ViperWeather-frameworks.sh",
				"${BUILT_PRODUCTS_DIR}/Alamofire/Alamofire.framework",
			);
			name = "[CP] Embed Pods Frameworks";
			outputPaths = (
				"${TARGET_BUILD_DIR}/${FRAMEWORKS_FOLDER_PATH}/Alamofire.framework",
			);
			runOnlyForDeploymentPostprocessing = 0;
			shellPath = /bin/sh;
			shellScript = "\"${SRCROOT}/Pods/Target Support Files/Pods-ViperWeather/Pods-ViperWeather-frameworks.sh\"\n";
			showEnvVarsInLog = 0;
		};
		FE17FEE54619D3B8F3F84C1A /* [CP] Embed Pods Frameworks */ = {
			isa = PBXShellScriptBuildPhase;
			buildActionMask = 2147483647;
			files = (
			);
			inputPaths = (
			);
			name = "[CP] Embed Pods Frameworks";
			outputPaths = (
			);
			runOnlyForDeploymentPostprocessing = 0;
			shellPath = /bin/sh;
			shellScript = "\"${SRCROOT}/Pods/Target Support Files/Pods-ViperWeatherUITests/Pods-ViperWeatherUITests-frameworks.sh\"\n";
			showEnvVarsInLog = 0;
		};
/* End PBXShellScriptBuildPhase section */

/* Begin PBXSourcesBuildPhase section */
		0CEDE2192165E70E000E11F4 /* Sources */ = {
			isa = PBXSourcesBuildPhase;
			buildActionMask = 2147483647;
			files = (
				0CEDE2562165E97A000E11F4 /* LoginPresenter.swift in Sources */,
				0CEDE25A2165E97A000E11F4 /* LoginInteractor.swift in Sources */,
				0CEDE2572165E97A000E11F4 /* LoginRouter.swift in Sources */,
				0CEDE26921660126000E11F4 /* HomeInteractor.swift in Sources */,
				0CEDE25B2165E97A000E11F4 /* LoginEntities.swift in Sources */,
				0CEDE26821660126000E11F4 /* HomeProtocols.swift in Sources */,
				0CEDE2592165E97A000E11F4 /* LoginProtocols.swift in Sources */,
				0CEDE26721660126000E11F4 /* HomeViewController.swift in Sources */,
				0CEDE2582165E97A000E11F4 /* LoginViewController.swift in Sources */,
				0CEDE2212165E70E000E11F4 /* AppDelegate.swift in Sources */,
				0CEDE26A21660126000E11F4 /* HomeEntities.swift in Sources */,
				0CEDE26621660126000E11F4 /* HomeRouter.swift in Sources */,
				0CEDE26521660126000E11F4 /* HomePresenter.swift in Sources */,
			);
			runOnlyForDeploymentPostprocessing = 0;
		};
		0CEDE22D2165E70F000E11F4 /* Sources */ = {
			isa = PBXSourcesBuildPhase;
			buildActionMask = 2147483647;
			files = (
				0CEDE2362165E70F000E11F4 /* ViperWeatherTests.swift in Sources */,
			);
			runOnlyForDeploymentPostprocessing = 0;
		};
		0CEDE2382165E70F000E11F4 /* Sources */ = {
			isa = PBXSourcesBuildPhase;
			buildActionMask = 2147483647;
			files = (
				0CEDE2412165E70F000E11F4 /* ViperWeatherUITests.swift in Sources */,
			);
			runOnlyForDeploymentPostprocessing = 0;
		};
/* End PBXSourcesBuildPhase section */

/* Begin PBXTargetDependency section */
		0CEDE2332165E70F000E11F4 /* PBXTargetDependency */ = {
			isa = PBXTargetDependency;
			target = 0CEDE21C2165E70E000E11F4 /* ViperWeather */;
			targetProxy = 0CEDE2322165E70F000E11F4 /* PBXContainerItemProxy */;
		};
		0CEDE23E2165E70F000E11F4 /* PBXTargetDependency */ = {
			isa = PBXTargetDependency;
			target = 0CEDE21C2165E70E000E11F4 /* ViperWeather */;
			targetProxy = 0CEDE23D2165E70F000E11F4 /* PBXContainerItemProxy */;
		};
/* End PBXTargetDependency section */

/* Begin PBXVariantGroup section */
		0CEDE2292165E70F000E11F4 /* LaunchScreen.storyboard */ = {
			isa = PBXVariantGroup;
			children = (
				0CEDE22A2165E70F000E11F4 /* Base */,
			);
			name = LaunchScreen.storyboard;
			sourceTree = "<group>";
		};
/* End PBXVariantGroup section */

/* Begin XCBuildConfiguration section */
		0CEDE2432165E70F000E11F4 /* Debug */ = {
			isa = XCBuildConfiguration;
			buildSettings = {
				ALWAYS_SEARCH_USER_PATHS = NO;
				CLANG_ANALYZER_NONNULL = YES;
				CLANG_ANALYZER_NUMBER_OBJECT_CONVERSION = YES_AGGRESSIVE;
				CLANG_CXX_LANGUAGE_STANDARD = "gnu++14";
				CLANG_CXX_LIBRARY = "libc++";
				CLANG_ENABLE_MODULES = YES;
				CLANG_ENABLE_OBJC_ARC = YES;
				CLANG_ENABLE_OBJC_WEAK = YES;
				CLANG_WARN_BLOCK_CAPTURE_AUTORELEASING = YES;
				CLANG_WARN_BOOL_CONVERSION = YES;
				CLANG_WARN_COMMA = YES;
				CLANG_WARN_CONSTANT_CONVERSION = YES;
				CLANG_WARN_DEPRECATED_OBJC_IMPLEMENTATIONS = YES;
				CLANG_WARN_DIRECT_OBJC_ISA_USAGE = YES_ERROR;
				CLANG_WARN_DOCUMENTATION_COMMENTS = YES;
				CLANG_WARN_EMPTY_BODY = YES;
				CLANG_WARN_ENUM_CONVERSION = YES;
				CLANG_WARN_INFINITE_RECURSION = YES;
				CLANG_WARN_INT_CONVERSION = YES;
				CLANG_WARN_NON_LITERAL_NULL_CONVERSION = YES;
				CLANG_WARN_OBJC_IMPLICIT_RETAIN_SELF = YES;
				CLANG_WARN_OBJC_LITERAL_CONVERSION = YES;
				CLANG_WARN_OBJC_ROOT_CLASS = YES_ERROR;
				CLANG_WARN_RANGE_LOOP_ANALYSIS = YES;
				CLANG_WARN_STRICT_PROTOTYPES = YES;
				CLANG_WARN_SUSPICIOUS_MOVE = YES;
				CLANG_WARN_UNGUARDED_AVAILABILITY = YES_AGGRESSIVE;
				CLANG_WARN_UNREACHABLE_CODE = YES;
				CLANG_WARN__DUPLICATE_METHOD_MATCH = YES;
				CODE_SIGN_IDENTITY = "iPhone Developer";
				COPY_PHASE_STRIP = NO;
				DEBUG_INFORMATION_FORMAT = dwarf;
				ENABLE_STRICT_OBJC_MSGSEND = YES;
				ENABLE_TESTABILITY = YES;
				GCC_C_LANGUAGE_STANDARD = gnu11;
				GCC_DYNAMIC_NO_PIC = NO;
				GCC_NO_COMMON_BLOCKS = YES;
				GCC_OPTIMIZATION_LEVEL = 0;
				GCC_PREPROCESSOR_DEFINITIONS = (
					"DEBUG=1",
					"$(inherited)",
				);
				GCC_WARN_64_TO_32_BIT_CONVERSION = YES;
				GCC_WARN_ABOUT_RETURN_TYPE = YES_ERROR;
				GCC_WARN_UNDECLARED_SELECTOR = YES;
				GCC_WARN_UNINITIALIZED_AUTOS = YES_AGGRESSIVE;
				GCC_WARN_UNUSED_FUNCTION = YES;
				GCC_WARN_UNUSED_VARIABLE = YES;
				IPHONEOS_DEPLOYMENT_TARGET = 12.0;
				MTL_ENABLE_DEBUG_INFO = INCLUDE_SOURCE;
				MTL_FAST_MATH = YES;
				ONLY_ACTIVE_ARCH = YES;
				SDKROOT = iphoneos;
				SWIFT_ACTIVE_COMPILATION_CONDITIONS = DEBUG;
				SWIFT_OPTIMIZATION_LEVEL = "-Onone";
			};
			name = Debug;
		};
		0CEDE2442165E70F000E11F4 /* Release */ = {
			isa = XCBuildConfiguration;
			buildSettings = {
				ALWAYS_SEARCH_USER_PATHS = NO;
				CLANG_ANALYZER_NONNULL = YES;
				CLANG_ANALYZER_NUMBER_OBJECT_CONVERSION = YES_AGGRESSIVE;
				CLANG_CXX_LANGUAGE_STANDARD = "gnu++14";
				CLANG_CXX_LIBRARY = "libc++";
				CLANG_ENABLE_MODULES = YES;
				CLANG_ENABLE_OBJC_ARC = YES;
				CLANG_ENABLE_OBJC_WEAK = YES;
				CLANG_WARN_BLOCK_CAPTURE_AUTORELEASING = YES;
				CLANG_WARN_BOOL_CONVERSION = YES;
				CLANG_WARN_COMMA = YES;
				CLANG_WARN_CONSTANT_CONVERSION = YES;
				CLANG_WARN_DEPRECATED_OBJC_IMPLEMENTATIONS = YES;
				CLANG_WARN_DIRECT_OBJC_ISA_USAGE = YES_ERROR;
				CLANG_WARN_DOCUMENTATION_COMMENTS = YES;
				CLANG_WARN_EMPTY_BODY = YES;
				CLANG_WARN_ENUM_CONVERSION = YES;
				CLANG_WARN_INFINITE_RECURSION = YES;
				CLANG_WARN_INT_CONVERSION = YES;
				CLANG_WARN_NON_LITERAL_NULL_CONVERSION = YES;
				CLANG_WARN_OBJC_IMPLICIT_RETAIN_SELF = YES;
				CLANG_WARN_OBJC_LITERAL_CONVERSION = YES;
				CLANG_WARN_OBJC_ROOT_CLASS = YES_ERROR;
				CLANG_WARN_RANGE_LOOP_ANALYSIS = YES;
				CLANG_WARN_STRICT_PROTOTYPES = YES;
				CLANG_WARN_SUSPICIOUS_MOVE = YES;
				CLANG_WARN_UNGUARDED_AVAILABILITY = YES_AGGRESSIVE;
				CLANG_WARN_UNREACHABLE_CODE = YES;
				CLANG_WARN__DUPLICATE_METHOD_MATCH = YES;
				CODE_SIGN_IDENTITY = "iPhone Developer";
				COPY_PHASE_STRIP = NO;
				DEBUG_INFORMATION_FORMAT = "dwarf-with-dsym";
				ENABLE_NS_ASSERTIONS = NO;
				ENABLE_STRICT_OBJC_MSGSEND = YES;
				GCC_C_LANGUAGE_STANDARD = gnu11;
				GCC_NO_COMMON_BLOCKS = YES;
				GCC_WARN_64_TO_32_BIT_CONVERSION = YES;
				GCC_WARN_ABOUT_RETURN_TYPE = YES_ERROR;
				GCC_WARN_UNDECLARED_SELECTOR = YES;
				GCC_WARN_UNINITIALIZED_AUTOS = YES_AGGRESSIVE;
				GCC_WARN_UNUSED_FUNCTION = YES;
				GCC_WARN_UNUSED_VARIABLE = YES;
				IPHONEOS_DEPLOYMENT_TARGET = 12.0;
				MTL_ENABLE_DEBUG_INFO = NO;
				MTL_FAST_MATH = YES;
				SDKROOT = iphoneos;
				SWIFT_COMPILATION_MODE = wholemodule;
				SWIFT_OPTIMIZATION_LEVEL = "-O";
				VALIDATE_PRODUCT = YES;
			};
			name = Release;
		};
		0CEDE2462165E70F000E11F4 /* Debug */ = {
			isa = XCBuildConfiguration;
			baseConfigurationReference = 4BB1BCF88D0D1CC815ABA750 /* Pods-ViperWeather.debug.xcconfig */;
			buildSettings = {
				ASSETCATALOG_COMPILER_APPICON_NAME = AppIcon;
				CODE_SIGN_STYLE = Automatic;
				DEVELOPMENT_TEAM = DU4SSYH2B5;
				INFOPLIST_FILE = ViperWeather/Info.plist;
				LD_RUNPATH_SEARCH_PATHS = (
					"$(inherited)",
					"@executable_path/Frameworks",
				);
				PRODUCT_BUNDLE_IDENTIFIER = com.enricpou.ViperWeather;
				PRODUCT_NAME = "$(TARGET_NAME)";
				SWIFT_VERSION = 4.2;
				TARGETED_DEVICE_FAMILY = "1,2";
			};
			name = Debug;
		};
		0CEDE2472165E70F000E11F4 /* Release */ = {
			isa = XCBuildConfiguration;
			baseConfigurationReference = FEE12B2EA7DEBF94796E39E8 /* Pods-ViperWeather.release.xcconfig */;
			buildSettings = {
				ASSETCATALOG_COMPILER_APPICON_NAME = AppIcon;
				CODE_SIGN_STYLE = Automatic;
				DEVELOPMENT_TEAM = DU4SSYH2B5;
				INFOPLIST_FILE = ViperWeather/Info.plist;
				LD_RUNPATH_SEARCH_PATHS = (
					"$(inherited)",
					"@executable_path/Frameworks",
				);
				PRODUCT_BUNDLE_IDENTIFIER = com.enricpou.ViperWeather;
				PRODUCT_NAME = "$(TARGET_NAME)";
				SWIFT_VERSION = 4.2;
				TARGETED_DEVICE_FAMILY = "1,2";
			};
			name = Release;
		};
		0CEDE2492165E70F000E11F4 /* Debug */ = {
			isa = XCBuildConfiguration;
			baseConfigurationReference = D7F3396BEACA9C756F70F0FA /* Pods-ViperWeatherTests.debug.xcconfig */;
			buildSettings = {
				ALWAYS_EMBED_SWIFT_STANDARD_LIBRARIES = YES;
				BUNDLE_LOADER = "$(TEST_HOST)";
				CODE_SIGN_STYLE = Automatic;
				DEVELOPMENT_TEAM = DU4SSYH2B5;
				INFOPLIST_FILE = ViperWeatherTests/Info.plist;
				LD_RUNPATH_SEARCH_PATHS = (
					"$(inherited)",
					"@executable_path/Frameworks",
					"@loader_path/Frameworks",
				);
				PRODUCT_BUNDLE_IDENTIFIER = com.enricpou.ViperWeatherTests;
				PRODUCT_NAME = "$(TARGET_NAME)";
				SWIFT_VERSION = 4.2;
				TARGETED_DEVICE_FAMILY = "1,2";
				TEST_HOST = "$(BUILT_PRODUCTS_DIR)/ViperWeather.app/ViperWeather";
			};
			name = Debug;
		};
		0CEDE24A2165E70F000E11F4 /* Release */ = {
			isa = XCBuildConfiguration;
			baseConfigurationReference = 29C17B4F03697A440A94F40E /* Pods-ViperWeatherTests.release.xcconfig */;
			buildSettings = {
				ALWAYS_EMBED_SWIFT_STANDARD_LIBRARIES = YES;
				BUNDLE_LOADER = "$(TEST_HOST)";
				CODE_SIGN_STYLE = Automatic;
				DEVELOPMENT_TEAM = DU4SSYH2B5;
				INFOPLIST_FILE = ViperWeatherTests/Info.plist;
				LD_RUNPATH_SEARCH_PATHS = (
					"$(inherited)",
					"@executable_path/Frameworks",
					"@loader_path/Frameworks",
				);
				PRODUCT_BUNDLE_IDENTIFIER = com.enricpou.ViperWeatherTests;
				PRODUCT_NAME = "$(TARGET_NAME)";
				SWIFT_VERSION = 4.2;
				TARGETED_DEVICE_FAMILY = "1,2";
				TEST_HOST = "$(BUILT_PRODUCTS_DIR)/ViperWeather.app/ViperWeather";
			};
			name = Release;
		};
		0CEDE24C2165E70F000E11F4 /* Debug */ = {
			isa = XCBuildConfiguration;
			baseConfigurationReference = E04103D1782F85D31E614235 /* Pods-ViperWeatherUITests.debug.xcconfig */;
			buildSettings = {
				ALWAYS_EMBED_SWIFT_STANDARD_LIBRARIES = YES;
				CODE_SIGN_STYLE = Automatic;
				DEVELOPMENT_TEAM = DU4SSYH2B5;
				INFOPLIST_FILE = ViperWeatherUITests/Info.plist;
				LD_RUNPATH_SEARCH_PATHS = (
					"$(inherited)",
					"@executable_path/Frameworks",
					"@loader_path/Frameworks",
				);
				PRODUCT_BUNDLE_IDENTIFIER = com.enricpou.ViperWeatherUITests;
				PRODUCT_NAME = "$(TARGET_NAME)";
				SWIFT_VERSION = 4.2;
				TARGETED_DEVICE_FAMILY = "1,2";
				TEST_TARGET_NAME = ViperWeather;
			};
			name = Debug;
		};
		0CEDE24D2165E70F000E11F4 /* Release */ = {
			isa = XCBuildConfiguration;
			baseConfigurationReference = FF4777B4B9A29B61933C70B0 /* Pods-ViperWeatherUITests.release.xcconfig */;
			buildSettings = {
				ALWAYS_EMBED_SWIFT_STANDARD_LIBRARIES = YES;
				CODE_SIGN_STYLE = Automatic;
				DEVELOPMENT_TEAM = DU4SSYH2B5;
				INFOPLIST_FILE = ViperWeatherUITests/Info.plist;
				LD_RUNPATH_SEARCH_PATHS = (
					"$(inherited)",
					"@executable_path/Frameworks",
					"@loader_path/Frameworks",
				);
				PRODUCT_BUNDLE_IDENTIFIER = com.enricpou.ViperWeatherUITests;
				PRODUCT_NAME = "$(TARGET_NAME)";
				SWIFT_VERSION = 4.2;
				TARGETED_DEVICE_FAMILY = "1,2";
				TEST_TARGET_NAME = ViperWeather;
			};
			name = Release;
		};
/* End XCBuildConfiguration section */

/* Begin XCConfigurationList section */
		0CEDE2182165E70E000E11F4 /* Build configuration list for PBXProject "ViperWeather" */ = {
			isa = XCConfigurationList;
			buildConfigurations = (
				0CEDE2432165E70F000E11F4 /* Debug */,
				0CEDE2442165E70F000E11F4 /* Release */,
			);
			defaultConfigurationIsVisible = 0;
			defaultConfigurationName = Release;
		};
		0CEDE2452165E70F000E11F4 /* Build configuration list for PBXNativeTarget "ViperWeather" */ = {
			isa = XCConfigurationList;
			buildConfigurations = (
				0CEDE2462165E70F000E11F4 /* Debug */,
				0CEDE2472165E70F000E11F4 /* Release */,
			);
			defaultConfigurationIsVisible = 0;
			defaultConfigurationName = Release;
		};
		0CEDE2482165E70F000E11F4 /* Build configuration list for PBXNativeTarget "ViperWeatherTests" */ = {
			isa = XCConfigurationList;
			buildConfigurations = (
				0CEDE2492165E70F000E11F4 /* Debug */,
				0CEDE24A2165E70F000E11F4 /* Release */,
			);
			defaultConfigurationIsVisible = 0;
			defaultConfigurationName = Release;
		};
		0CEDE24B2165E70F000E11F4 /* Build configuration list for PBXNativeTarget "ViperWeatherUITests" */ = {
			isa = XCConfigurationList;
			buildConfigurations = (
				0CEDE24C2165E70F000E11F4 /* Debug */,
				0CEDE24D2165E70F000E11F4 /* Release */,
			);
			defaultConfigurationIsVisible = 0;
			defaultConfigurationName = Release;
		};
/* End XCConfigurationList section */
	};
	rootObject = 0CEDE2152165E70E000E11F4 /* Project object */;
}
